
Microsoft Visual Studio Solution File, Format Version 12.00
# Visual Studio Version 17
VisualStudioVersion = 17.2.32616.157
MinimumVisualStudioVersion = 10.0.40219.1
Project("{FAE04EC0-301F-11D3-BF4B-00C04F79EFBC}") = "MarkdownSplitter", "MarkdownSplitter\MarkdownSplitter.csproj", "{9CF1526F-56B3-49B5-9D95-9857FBE45692}"
EndProject
Global
	GlobalSection(SolutionConfigurationPlatforms) = preSolution
		Debug|Any CPU = Debug|Any CPU
		Release|Any CPU = Release|Any CPU
	EndGlobalSection
	GlobalSection(ProjectConfigurationPlatforms) = postSolution
		{9CF1526F-56B3-49B5-9D95-9857FBE45692}.Debug|Any CPU.ActiveCfg = Debug|Any CPU
		{9CF1526F-56B3-49B5-9D95-9857FBE45692}.Debug|Any CPU.Build.0 = Debug|Any CPU
		{9CF1526F-56B3-49B5-9D95-9857FBE45692}.Release|Any CPU.ActiveCfg = Release|Any CPU
		{9CF1526F-56B3-49B5-9D95-9857FBE45692}.Release|Any CPU.Build.0 = Release|Any CPU
	EndGlobalSection
	GlobalSection(SolutionProperties) = preSolution
		HideSolutionNode = FALSE
	EndGlobalSection
	GlobalSection(ExtensibilityGlobals) = postSolution
		SolutionGuid = {2C67837E-0CD8-44DE-A860-4C068840DE6A}
	EndGlobalSection
EndGlobal
